{
  "object": {
    "pins": [
      {
        "package": "Eumorphic",
        "repositoryURL": "https://github.com/ollieatkinson/Eumorphic.git",
        "state": {
          "branch": "trunk",
          "revision": "bf244f4369d872fccbcef27da8fedb5a7a91f7aa",
          "version": null
        }
      }
    ]
  },
  "version": 1
}
